// !$*UTF8*$!
{
	archiveVersion = 1;
	classes = {
	};
	objectVersion = 50;
	objects = {

/* Begin PBXBuildFile section */
		922C064D26E9267000A8E032 /* resorts.json in Resources */ = {isa = PBXBuildFile; fileRef = 922C064C26E9267000A8E032 /* resorts.json */; };
		922C064F26E9271E00A8E032 /* Resort.swift in Sources */ = {isa = PBXBuildFile; fileRef = 922C064E26E9271E00A8E032 /* Resort.swift */; };
		922C065126E9298600A8E032 /* Bundle-Decodable.swift in Sources */ = {isa = PBXBuildFile; fileRef = 922C065026E9298600A8E032 /* Bundle-Decodable.swift */; };
		9271CE3D26E94CD600C6286B /* WelcomeView.swift in Sources */ = {isa = PBXBuildFile; fileRef = 9271CE3C26E94CD600C6286B /* WelcomeView.swift */; };
		9271CE3F26E94EBD00C6286B /* ResortView.swift in Sources */ = {isa = PBXBuildFile; fileRef = 9271CE3E26E94EBD00C6286B /* ResortView.swift */; };
		9271CE4126E9518700C6286B /* SkiDetailsView.swift in Sources */ = {isa = PBXBuildFile; fileRef = 9271CE4026E9518700C6286B /* SkiDetailsView.swift */; };
		9271CE4326E9520200C6286B /* ResortDetailsView.swift in Sources */ = {isa = PBXBuildFile; fileRef = 9271CE4226E9520200C6286B /* ResortDetailsView.swift */; };
		92D8F03F26E85607003366ED /* SnowSeekerApp.swift in Sources */ = {isa = PBXBuildFile; fileRef = 92D8F03E26E85607003366ED /* SnowSeekerApp.swift */; };
		92D8F04126E85607003366ED /* ContentView.swift in Sources */ = {isa = PBXBuildFile; fileRef = 92D8F04026E85607003366ED /* ContentView.swift */; };
		92D8F04326E85607003366ED /* Assets.xcassets in Resources */ = {isa = PBXBuildFile; fileRef = 92D8F04226E85607003366ED /* Assets.xcassets */; };
		92D8F04626E85607003366ED /* Preview Assets.xcassets in Resources */ = {isa = PBXBuildFile; fileRef = 92D8F04526E85607003366ED /* Preview Assets.xcassets */; };
/* End PBXBuildFile section */

/* Begin PBXFileReference section */
		922C064C26E9267000A8E032 /* resorts.json */ = {isa = PBXFileReference; fileEncoding = 4; lastKnownFileType = text.json; name = resorts.json; path = "../../../../Downloads/HackingWithSwift-main/SwiftUI/project19-files/resorts.json"; sourceTree = "<group>"; };
		922C064E26E9271E00A8E032 /* Resort.swift */ = {isa = PBXFileReference; lastKnownFileType = sourcecode.swift; path = Resort.swift; sourceTree = "<group>"; };
		922C065026E9298600A8E032 /* Bundle-Decodable.swift */ = {isa = PBXFileReference; lastKnownFileType = sourcecode.swift; path = "Bundle-Decodable.swift"; sourceTree = "<group>"; };
		9271CE3C26E94CD600C6286B /* WelcomeView.swift */ = {isa = PBXFileReference; lastKnownFileType = sourcecode.swift; path = WelcomeView.swift; sourceTree = "<group>"; };
		9271CE3E26E94EBD00C6286B /* ResortView.swift */ = {isa = PBXFileReference; lastKnownFileType = sourcecode.swift; path = ResortView.swift; sourceTree = "<group>"; };
		9271CE4026E9518700C6286B /* SkiDetailsView.swift */ = {isa = PBXFileReference; lastKnownFileType = sourcecode.swift; path = SkiDetailsView.swift; sourceTree = "<group>"; };
		9271CE4226E9520200C6286B /* ResortDetailsView.swift */ = {isa = PBXFileReference; lastKnownFileType = sourcecode.swift; path = ResortDetailsView.swift; sourceTree = "<group>"; };
		92D8F03B26E85607003366ED /* SnowSeeker.app */ = {isa = PBXFileReference; explicitFileType = wrapper.application; includeInIndex = 0; path = SnowSeeker.app; sourceTree = BUILT_PRODUCTS_DIR; };
		92D8F03E26E85607003366ED /* SnowSeekerApp.swift */ = {isa = PBXFileReference; lastKnownFileType = sourcecode.swift; path = SnowSeekerApp.swift; sourceTree = "<group>"; };
		92D8F04026E85607003366ED /* ContentView.swift */ = {isa = PBXFileReference; lastKnownFileType = sourcecode.swift; path = ContentView.swift; sourceTree = "<group>"; };
		92D8F04226E85607003366ED /* Assets.xcassets */ = {isa = PBXFileReference; lastKnownFileType = folder.assetcatalog; path = Assets.xcassets; sourceTree = "<group>"; };
		92D8F04526E85607003366ED /* Preview Assets.xcassets */ = {isa = PBXFileReference; lastKnownFileType = folder.assetcatalog; path = "Preview Assets.xcassets"; sourceTree = "<group>"; };
		92D8F04726E85607003366ED /* Info.plist */ = {isa = PBXFileReference; lastKnownFileType = text.plist.xml; path = Info.plist; sourceTree = "<group>"; };
/* End PBXFileReference section */

/* Begin PBXFrameworksBuildPhase section */
		92D8F03826E85607003366ED /* Frameworks */ = {
			isa = PBXFrameworksBuildPhase;
			buildActionMask = 2147483647;
			files = (
			);
			runOnlyForDeploymentPostprocessing = 0;
		};
/* End PBXFrameworksBuildPhase section */

/* Begin PBXGroup section */
		92D8F03226E85607003366ED = {
			isa = PBXGroup;
			children = (
				92D8F03D26E85607003366ED /* SnowSeeker */,
				92D8F03C26E85607003366ED /* Products */,
			);
			sourceTree = "<group>";
		};
		92D8F03C26E85607003366ED /* Products */ = {
			isa = PBXGroup;
			children = (
				92D8F03B26E85607003366ED /* SnowSeeker.app */,
			);
			name = Products;
			sourceTree = "<group>";
		};
		92D8F03D26E85607003366ED /* SnowSeeker */ = {
			isa = PBXGroup;
			children = (
				92D8F03E26E85607003366ED /* SnowSeekerApp.swift */,
				9271CE3C26E94CD600C6286B /* WelcomeView.swift */,
				92D8F04026E85607003366ED /* ContentView.swift */,
				9271CE3E26E94EBD00C6286B /* ResortView.swift */,
				9271CE4026E9518700C6286B /* SkiDetailsView.swift */,
				9271CE4226E9520200C6286B /* ResortDetailsView.swift */,
				92D8F04226E85607003366ED /* Assets.xcassets */,
				922C064E26E9271E00A8E032 /* Resort.swift */,
				922C065026E9298600A8E032 /* Bundle-Decodable.swift */,
				922C064C26E9267000A8E032 /* resorts.json */,
				92D8F04726E85607003366ED /* Info.plist */,
				92D8F04426E85607003366ED /* Preview Content */,
			);
			path = SnowSeeker;
			sourceTree = "<group>";
		};
		92D8F04426E85607003366ED /* Preview Content */ = {
			isa = PBXGroup;
			children = (
				92D8F04526E85607003366ED /* Preview Assets.xcassets */,
			);
			path = "Preview Content";
			sourceTree = "<group>";
		};
/* End PBXGroup section */

/* Begin PBXNativeTarget section */
		92D8F03A26E85607003366ED /* SnowSeeker */ = {
			isa = PBXNativeTarget;
			buildConfigurationList = 92D8F04A26E85607003366ED /* Build configuration list for PBXNativeTarget "SnowSeeker" */;
			buildPhases = (
				92D8F03726E85607003366ED /* Sources */,
				92D8F03826E85607003366ED /* Frameworks */,
				92D8F03926E85607003366ED /* Resources */,
			);
			buildRules = (
			);
			dependencies = (
			);
			name = SnowSeeker;
			productName = SnowSeeker;
			productReference = 92D8F03B26E85607003366ED /* SnowSeeker.app */;
			productType = "com.apple.product-type.application";
		};
/* End PBXNativeTarget section */

/* Begin PBXProject section */
		92D8F03326E85607003366ED /* Project object */ = {
			isa = PBXProject;
			attributes = {
				LastSwiftUpdateCheck = 1250;
				LastUpgradeCheck = 1250;
				TargetAttributes = {
					92D8F03A26E85607003366ED = {
						CreatedOnToolsVersion = 12.5.1;
					};
				};
			};
			buildConfigurationList = 92D8F03626E85607003366ED /* Build configuration list for PBXProject "SnowSeeker" */;
			compatibilityVersion = "Xcode 9.3";
			developmentRegion = en;
			hasScannedForEncodings = 0;
			knownRegions = (
				en,
				Base,
			);
			mainGroup = 92D8F03226E85607003366ED;
			productRefGroup = 92D8F03C26E85607003366ED /* Products */;
			projectDirPath = "";
			projectRoot = "";
			targets = (
				92D8F03A26E85607003366ED /* SnowSeeker */,
			);
		};
/* End PBXProject section */

/* Begin PBXResourcesBuildPhase section */
		92D8F03926E85607003366ED /* Resources */ = {
			isa = PBXResourcesBuildPhase;
			buildActionMask = 2147483647;
			files = (
				922C064D26E9267000A8E032 /* resorts.json in Resources */,
				92D8F04626E85607003366ED /* Preview Assets.xcassets in Resources */,
				92D8F04326E85607003366ED /* Assets.xcassets in Resources */,
			);
			runOnlyForDeploymentPostprocessing = 0;
		};
/* End PBXResourcesBuildPhase section */

/* Begin PBXSourcesBuildPhase section */
		92D8F03726E85607003366ED /* Sources */ = {
			isa = PBXSourcesBuildPhase;
			buildActionMask = 2147483647;
			files = (
				9271CE3D26E94CD600C6286B /* WelcomeView.swift in Sources */,
				9271CE4126E9518700C6286B /* SkiDetailsView.swift in Sources */,
				9271CE4326E9520200C6286B /* ResortDetailsView.swift in Sources */,
				92D8F04126E85607003366ED /* ContentView.swift in Sources */,
				922C064F26E9271E00A8E032 /* Resort.swift in Sources */,
				9271CE3F26E94EBD00C6286B /* ResortView.swift in Sources */,
				92D8F03F26E85607003366ED /* SnowSeekerApp.swift in Sources */,
				922C065126E9298600A8E032 /* Bundle-Decodable.swift in Sources */,
			);
			runOnlyForDeploymentPostprocessing = 0;
		};
/* End PBXSourcesBuildPhase section */

/* Begin XCBuildConfiguration section */
		92D8F04826E85607003366ED /* Debug */ = {
			isa = XCBuildConfiguration;
			buildSettings = {
				ALWAYS_SEARCH_USER_PATHS = NO;
				CLANG_ANALYZER_NONNULL = YES;
				CLANG_ANALYZER_NUMBER_OBJECT_CONVERSION = YES_AGGRESSIVE;
				CLANG_CXX_LANGUAGE_STANDARD = "gnu++14";
				CLANG_CXX_LIBRARY = "libc++";
				CLANG_ENABLE_MODULES = YES;
				CLANG_ENABLE_OBJC_ARC = YES;
				CLANG_ENABLE_OBJC_WEAK = YES;
				CLANG_WARN_BLOCK_CAPTURE_AUTORELEASING = YES;
				CLANG_WARN_BOOL_CONVERSION = YES;
				CLANG_WARN_COMMA = YES;
				CLANG_WARN_CONSTANT_CONVERSION = YES;
				CLANG_WARN_DEPRECATED_OBJC_IMPLEMENTATIONS = YES;
				CLANG_WARN_DIRECT_OBJC_ISA_USAGE = YES_ERROR;
				CLANG_WARN_DOCUMENTATION_COMMENTS = YES;
				CLANG_WARN_EMPTY_BODY = YES;
				CLANG_WARN_ENUM_CONVERSION = YES;
				CLANG_WARN_INFINITE_RECURSION = YES;
				CLANG_WARN_INT_CONVERSION = YES;
				CLANG_WARN_NON_LITERAL_NULL_CONVERSION = YES;
				CLANG_WARN_OBJC_IMPLICIT_RETAIN_SELF = YES;
				CLANG_WARN_OBJC_LITERAL_CONVERSION = YES;
				CLANG_WARN_OBJC_ROOT_CLASS = YES_ERROR;
				CLANG_WARN_QUOTED_INCLUDE_IN_FRAMEWORK_HEADER = YES;
				CLANG_WARN_RANGE_LOOP_ANALYSIS = YES;
				CLANG_WARN_STRICT_PROTOTYPES = YES;
				CLANG_WARN_SUSPICIOUS_MOVE = YES;
				CLANG_WARN_UNGUARDED_AVAILABILITY = YES_AGGRESSIVE;
				CLANG_WARN_UNREACHABLE_CODE = YES;
				CLANG_WARN__DUPLICATE_METHOD_MATCH = YES;
				COPY_PHASE_STRIP = NO;
				DEBUG_INFORMATION_FORMAT = dwarf;
				ENABLE_STRICT_OBJC_MSGSEND = YES;
				ENABLE_TESTABILITY = YES;
				GCC_C_LANGUAGE_STANDARD = gnu11;
				GCC_DYNAMIC_NO_PIC = NO;
				GCC_NO_COMMON_BLOCKS = YES;
				GCC_OPTIMIZATION_LEVEL = 0;
				GCC_PREPROCESSOR_DEFINITIONS = (
					"DEBUG=1",
					"$(inherited)",
				);
				GCC_WARN_64_TO_32_BIT_CONVERSION = YES;
				GCC_WARN_ABOUT_RETURN_TYPE = YES_ERROR;
				GCC_WARN_UNDECLARED_SELECTOR = YES;
				GCC_WARN_UNINITIALIZED_AUTOS = YES_AGGRESSIVE;
				GCC_WARN_UNUSED_FUNCTION = YES;
				GCC_WARN_UNUSED_VARIABLE = YES;
				IPHONEOS_DEPLOYMENT_TARGET = 14.5;
				MTL_ENABLE_DEBUG_INFO = INCLUDE_SOURCE;
				MTL_FAST_MATH = YES;
				ONLY_ACTIVE_ARCH = YES;
				SDKROOT = iphoneos;
				SWIFT_ACTIVE_COMPILATION_CONDITIONS = DEBUG;
				SWIFT_OPTIMIZATION_LEVEL = "-Onone";
			};
			name = Debug;
		};
		92D8F04926E85607003366ED /* Release */ = {
			isa = XCBuildConfiguration;
			buildSettings = {
				ALWAYS_SEARCH_USER_PATHS = NO;
				CLANG_ANALYZER_NONNULL = YES;
				CLANG_ANALYZER_NUMBER_OBJECT_CONVERSION = YES_AGGRESSIVE;
				CLANG_CXX_LANGUAGE_STANDARD = "gnu++14";
				CLANG_CXX_LIBRARY = "libc++";
				CLANG_ENABLE_MODULES = YES;
				CLANG_ENABLE_OBJC_ARC = YES;
				CLANG_ENABLE_OBJC_WEAK = YES;
				CLANG_WARN_BLOCK_CAPTURE_AUTORELEASING = YES;
				CLANG_WARN_BOOL_CONVERSION = YES;
				CLANG_WARN_COMMA = YES;
				CLANG_WARN_CONSTANT_CONVERSION = YES;
				CLANG_WARN_DEPRECATED_OBJC_IMPLEMENTATIONS = YES;
				CLANG_WARN_DIRECT_OBJC_ISA_USAGE = YES_ERROR;
				CLANG_WARN_DOCUMENTATION_COMMENTS = YES;
				CLANG_WARN_EMPTY_BODY = YES;
				CLANG_WARN_ENUM_CONVERSION = YES;
				CLANG_WARN_INFINITE_RECURSION = YES;
				CLANG_WARN_INT_CONVERSION = YES;
				CLANG_WARN_NON_LITERAL_NULL_CONVERSION = YES;
				CLANG_WARN_OBJC_IMPLICIT_RETAIN_SELF = YES;
				CLANG_WARN_OBJC_LITERAL_CONVERSION = YES;
				CLANG_WARN_OBJC_ROOT_CLASS = YES_ERROR;
				CLANG_WARN_QUOTED_INCLUDE_IN_FRAMEWORK_HEADER = YES;
				CLANG_WARN_RANGE_LOOP_ANALYSIS = YES;
				CLANG_WARN_STRICT_PROTOTYPES = YES;
				CLANG_WARN_SUSPICIOUS_MOVE = YES;
				CLANG_WARN_UNGUARDED_AVAILABILITY = YES_AGGRESSIVE;
				CLANG_WARN_UNREACHABLE_CODE = YES;
				CLANG_WARN__DUPLICATE_METHOD_MATCH = YES;
				COPY_PHASE_STRIP = NO;
				DEBUG_INFORMATION_FORMAT = "dwarf-with-dsym";
				ENABLE_NS_ASSERTIONS = NO;
				ENABLE_STRICT_OBJC_MSGSEND = YES;
				GCC_C_LANGUAGE_STANDARD = gnu11;
				GCC_NO_COMMON_BLOCKS = YES;
				GCC_WARN_64_TO_32_BIT_CONVERSION = YES;
				GCC_WARN_ABOUT_RETURN_TYPE = YES_ERROR;
				GCC_WARN_UNDECLARED_SELECTOR = YES;
				GCC_WARN_UNINITIALIZED_AUTOS = YES_AGGRESSIVE;
				GCC_WARN_UNUSED_FUNCTION = YES;
				GCC_WARN_UNUSED_VARIABLE = YES;
				IPHONEOS_DEPLOYMENT_TARGET = 14.5;
				MTL_ENABLE_DEBUG_INFO = NO;
				MTL_FAST_MATH = YES;
				SDKROOT = iphoneos;
				SWIFT_COMPILATION_MODE = wholemodule;
				SWIFT_OPTIMIZATION_LEVEL = "-O";
				VALIDATE_PRODUCT = YES;
			};
			name = Release;
		};
		92D8F04B26E85607003366ED /* Debug */ = {
			isa = XCBuildConfiguration;
			buildSettings = {
				ASSETCATALOG_COMPILER_APPICON_NAME = AppIcon;
				ASSETCATALOG_COMPILER_GLOBAL_ACCENT_COLOR_NAME = AccentColor;
				CODE_SIGN_STYLE = Automatic;
				DEVELOPMENT_ASSET_PATHS = "\"SnowSeeker/Preview Content\"";
				DEVELOPMENT_TEAM = CX384TT6P4;
				ENABLE_PREVIEWS = YES;
				INFOPLIST_FILE = SnowSeeker/Info.plist;
				IPHONEOS_DEPLOYMENT_TARGET = 14.0;
				LD_RUNPATH_SEARCH_PATHS = (
					"$(inherited)",
					"@executable_path/Frameworks",
				);
				PRODUCT_BUNDLE_IDENTIFIER = AMS.SnowSeeker;
				PRODUCT_NAME = "$(TARGET_NAME)";
				SWIFT_VERSION = 5.0;
				TARGETED_DEVICE_FAMILY = "1,2";
			};
			name = Debug;
		};
		92D8F04C26E85607003366ED /* Release */ = {
			isa = XCBuildConfiguration;
			buildSettings = {
				ASSETCATALOG_COMPILER_APPICON_NAME = AppIcon;
				ASSETCATALOG_COMPILER_GLOBAL_ACCENT_COLOR_NAME = AccentColor;
				CODE_SIGN_STYLE = Automatic;
				DEVELOPMENT_ASSET_PATHS = "\"SnowSeeker/Preview Content\"";
				DEVELOPMENT_TEAM = CX384TT6P4;
				ENABLE_PREVIEWS = YES;
				INFOPLIST_FILE = SnowSeeker/Info.plist;
				IPHONEOS_DEPLOYMENT_TARGET = 14.0;
				LD_RUNPATH_SEARCH_PATHS = (
					"$(inherited)",
					"@executable_path/Frameworks",
				);
				PRODUCT_BUNDLE_IDENTIFIER = AMS.SnowSeeker;
				PRODUCT_NAME = "$(TARGET_NAME)";
				SWIFT_VERSION = 5.0;
				TARGETED_DEVICE_FAMILY = "1,2";
			};
			name = Release;
		};
/* End XCBuildConfiguration section */

/* Begin XCConfigurationList section */
		92D8F03626E85607003366ED /* Build configuration list for PBXProject "SnowSeeker" */ = {
			isa = XCConfigurationList;
			buildConfigurations = (
				92D8F04826E85607003366ED /* Debug */,
				92D8F04926E85607003366ED /* Release */,
			);
			defaultConfigurationIsVisible = 0;
			defaultConfigurationName = Release;
		};
		92D8F04A26E85607003366ED /* Build configuration list for PBXNativeTarget "SnowSeeker" */ = {
			isa = XCConfigurationList;
			buildConfigurations = (
				92D8F04B26E85607003366ED /* Debug */,
				92D8F04C26E85607003366ED /* Release */,
			);
			defaultConfigurationIsVisible = 0;
			defaultConfigurationName = Release;
		};
/* End XCConfigurationList section */
	};
	rootObject = 92D8F03326E85607003366ED /* Project object */;
}
